// !$*UTF8*$!
{
	archiveVersion = 1;
	classes = {
	};
	objectVersion = 46;
	objects = {

/* Begin PBXBuildFile section */
		71107AAE18DC5B83000AEF57 /* QCMoveDescription.m in Sources */ = {isa = PBXBuildFile; fileRef = 71107AAD18DC5B83000AEF57 /* QCMoveDescription.m */; };
		71386C3F18F2904100414357 /* QCPopupView.m in Sources */ = {isa = PBXBuildFile; fileRef = 71386C3E18F2904100414357 /* QCPopupView.m */; };
		7147829818E2DF7E00A1A08A /* QCSuctionMove.m in Sources */ = {isa = PBXBuildFile; fileRef = 7147829718E2DF7E00A1A08A /* QCSuctionMove.m */; };
		71589BB11929F57C00DA1C8E /* Levels.plist in Resources */ = {isa = PBXBuildFile; fileRef = 71589BB01929F57C00DA1C8E /* Levels.plist */; };
		71589BB41929FF2D00DA1C8E /* QCLevelTVC.m in Sources */ = {isa = PBXBuildFile; fileRef = 71589BB31929FF2D00DA1C8E /* QCLevelTVC.m */; };
		71589BB6192A243B00DA1C8E /* Level 3 Score.plist in Resources */ = {isa = PBXBuildFile; fileRef = 71589BB5192A243B00DA1C8E /* Level 3 Score.plist */; };
		715B93F718F3DCF000F5BB7E /* QCTileImageProvider.m in Sources */ = {isa = PBXBuildFile; fileRef = 715B93F618F3DCF000F5BB7E /* QCTileImageProvider.m */; };
		71695F7B19249B6F009FCCBC /* QCSlimeModel.m in Sources */ = {isa = PBXBuildFile; fileRef = 71695F7A19249B6F009FCCBC /* QCSlimeModel.m */; };
		71695F7E1924A700009FCCBC /* QCCoordinates.m in Sources */ = {isa = PBXBuildFile; fileRef = 71695F7D1924A700009FCCBC /* QCCoordinates.m */; };
		7189624C1924C447007C9D6C /* QCSlimeView.m in Sources */ = {isa = PBXBuildFile; fileRef = 7189624B1924C447007C9D6C /* QCSlimeView.m */; };
		7189624F1924DCB2007C9D6C /* QCSlimeTile.m in Sources */ = {isa = PBXBuildFile; fileRef = 7189624E1924DCB2007C9D6C /* QCSlimeTile.m */; };
		718962581925FDA5007C9D6C /* QCVLevelChooserVC.m in Sources */ = {isa = PBXBuildFile; fileRef = 718962571925FDA5007C9D6C /* QCVLevelChooserVC.m */; };
		7189625A1926325B007C9D6C /* Level 2 Slime.plist in Resources */ = {isa = PBXBuildFile; fileRef = 718962591926325B007C9D6C /* Level 2 Slime.plist */; };
		7189625C192632EB007C9D6C /* Level 1 Score.plist in Resources */ = {isa = PBXBuildFile; fileRef = 7189625B192632EB007C9D6C /* Level 1 Score.plist */; };
		719950E418F2C7CD0041DC21 /* QCQuestionProvider.m in Sources */ = {isa = PBXBuildFile; fileRef = 719950E318F2C7CD0041DC21 /* QCQuestionProvider.m */; };
		719950E818F2CAD90041DC21 /* svenskaQuestions.json in Resources */ = {isa = PBXBuildFile; fileRef = 719950E718F2CAD90041DC21 /* svenskaQuestions.json */; };
		71A3CED5191BA362008342D9 /* QCTileHolderView.m in Sources */ = {isa = PBXBuildFile; fileRef = 71A3CED4191BA361008342D9 /* QCTileHolderView.m */; };
		71CE961B18F810EA003E8D3F /* QCSelectCategoryPopup.m in Sources */ = {isa = PBXBuildFile; fileRef = 71CE961A18F810EA003E8D3F /* QCSelectCategoryPopup.m */; };
		71DD0AF718D859AF00E9247A /* QCModelTestCase.m in Sources */ = {isa = PBXBuildFile; fileRef = 71DD0AF618D859AF00E9247A /* QCModelTestCase.m */; };
		71E0C4E918D6E39800B5FFC7 /* Foundation.framework in Frameworks */ = {isa = PBXBuildFile; fileRef = 71E0C4E818D6E39800B5FFC7 /* Foundation.framework */; };
		71E0C4EB18D6E39800B5FFC7 /* CoreGraphics.framework in Frameworks */ = {isa = PBXBuildFile; fileRef = 71E0C4EA18D6E39800B5FFC7 /* CoreGraphics.framework */; };
		71E0C4ED18D6E39800B5FFC7 /* UIKit.framework in Frameworks */ = {isa = PBXBuildFile; fileRef = 71E0C4EC18D6E39800B5FFC7 /* UIKit.framework */; };
		71E0C4F318D6E39800B5FFC7 /* InfoPlist.strings in Resources */ = {isa = PBXBuildFile; fileRef = 71E0C4F118D6E39800B5FFC7 /* InfoPlist.strings */; };
		71E0C4F518D6E39800B5FFC7 /* main.m in Sources */ = {isa = PBXBuildFile; fileRef = 71E0C4F418D6E39800B5FFC7 /* main.m */; };
		71E0C4F918D6E39800B5FFC7 /* QCAppDelegate.m in Sources */ = {isa = PBXBuildFile; fileRef = 71E0C4F818D6E39800B5FFC7 /* QCAppDelegate.m */; };
		71E0C4FC18D6E39800B5FFC7 /* Main.storyboard in Resources */ = {isa = PBXBuildFile; fileRef = 71E0C4FA18D6E39800B5FFC7 /* Main.storyboard */; };
		71E0C50118D6E39800B5FFC7 /* Images.xcassets in Resources */ = {isa = PBXBuildFile; fileRef = 71E0C50018D6E39800B5FFC7 /* Images.xcassets */; };
		71E0C50818D6E39900B5FFC7 /* XCTest.framework in Frameworks */ = {isa = PBXBuildFile; fileRef = 71E0C50718D6E39900B5FFC7 /* XCTest.framework */; };
		71E0C50918D6E39900B5FFC7 /* Foundation.framework in Frameworks */ = {isa = PBXBuildFile; fileRef = 71E0C4E818D6E39800B5FFC7 /* Foundation.framework */; };
		71E0C50A18D6E39900B5FFC7 /* UIKit.framework in Frameworks */ = {isa = PBXBuildFile; fileRef = 71E0C4EC18D6E39800B5FFC7 /* UIKit.framework */; };
		71E0C51218D6E39900B5FFC7 /* InfoPlist.strings in Resources */ = {isa = PBXBuildFile; fileRef = 71E0C51018D6E39900B5FFC7 /* InfoPlist.strings */; };
		71E0C51418D6E39900B5FFC7 /* QuizCrushTests.m in Sources */ = {isa = PBXBuildFile; fileRef = 71E0C51318D6E39900B5FFC7 /* QuizCrushTests.m */; };
		71E0C51F18D6E44300B5FFC7 /* QCLevelViewController.m in Sources */ = {isa = PBXBuildFile; fileRef = 71E0C51E18D6E44300B5FFC7 /* QCLevelViewController.m */; };
		71E0C52218D6E80400B5FFC7 /* QCTile.m in Sources */ = {isa = PBXBuildFile; fileRef = 71E0C52118D6E80400B5FFC7 /* QCTile.m */; };
		71E0C52518D6ED0200B5FFC7 /* QCPlayingFieldModel.m in Sources */ = {isa = PBXBuildFile; fileRef = 71E0C52418D6ED0200B5FFC7 /* QCPlayingFieldModel.m */; };
		71E0C52718D6F3C900B5FFC7 /* UISettings.plist in Resources */ = {isa = PBXBuildFile; fileRef = 71E0C52618D6F3C900B5FFC7 /* UISettings.plist */; };
		71F644ED18ED8EB2007090B4 /* QCQuestion.m in Sources */ = {isa = PBXBuildFile; fileRef = 71F644EC18ED8EB2007090B4 /* QCQuestion.m */; };
/* End PBXBuildFile section */

/* Begin PBXContainerItemProxy section */
		71E0C50B18D6E39900B5FFC7 /* PBXContainerItemProxy */ = {
			isa = PBXContainerItemProxy;
			containerPortal = 71E0C4DD18D6E39800B5FFC7 /* Project object */;
			proxyType = 1;
			remoteGlobalIDString = 71E0C4E418D6E39800B5FFC7;
			remoteInfo = QuizCrush;
		};
/* End PBXContainerItemProxy section */

/* Begin PBXFileReference section */
		71107AAC18DC5B83000AEF57 /* QCMoveDescription.h */ = {isa = PBXFileReference; fileEncoding = 4; lastKnownFileType = sourcecode.c.h; path = QCMoveDescription.h; sourceTree = "<group>"; };
		71107AAD18DC5B83000AEF57 /* QCMoveDescription.m */ = {isa = PBXFileReference; fileEncoding = 4; lastKnownFileType = sourcecode.c.objc; path = QCMoveDescription.m; sourceTree = "<group>"; };
		71386C3D18F2904100414357 /* QCPopupView.h */ = {isa = PBXFileReference; fileEncoding = 4; lastKnownFileType = sourcecode.c.h; path = QCPopupView.h; sourceTree = "<group>"; };
		71386C3E18F2904100414357 /* QCPopupView.m */ = {isa = PBXFileReference; fileEncoding = 4; lastKnownFileType = sourcecode.c.objc; path = QCPopupView.m; sourceTree = "<group>"; };
		7147829618E2DF7E00A1A08A /* QCSuctionMove.h */ = {isa = PBXFileReference; fileEncoding = 4; lastKnownFileType = sourcecode.c.h; path = QCSuctionMove.h; sourceTree = "<group>"; };
		7147829718E2DF7E00A1A08A /* QCSuctionMove.m */ = {isa = PBXFileReference; fileEncoding = 4; lastKnownFileType = sourcecode.c.objc; path = QCSuctionMove.m; sourceTree = "<group>"; };
		71589BB01929F57C00DA1C8E /* Levels.plist */ = {isa = PBXFileReference; fileEncoding = 4; lastKnownFileType = text.plist.xml; path = Levels.plist; sourceTree = "<group>"; };
		71589BB21929FF2D00DA1C8E /* QCLevelTVC.h */ = {isa = PBXFileReference; fileEncoding = 4; lastKnownFileType = sourcecode.c.h; path = QCLevelTVC.h; sourceTree = "<group>"; };
		71589BB31929FF2D00DA1C8E /* QCLevelTVC.m */ = {isa = PBXFileReference; fileEncoding = 4; lastKnownFileType = sourcecode.c.objc; path = QCLevelTVC.m; sourceTree = "<group>"; };
		71589BB5192A243B00DA1C8E /* Level 3 Score.plist */ = {isa = PBXFileReference; fileEncoding = 4; lastKnownFileType = text.plist.xml; path = "Level 3 Score.plist"; sourceTree = "<group>"; };
		715B93F518F3DCF000F5BB7E /* QCTileImageProvider.h */ = {isa = PBXFileReference; fileEncoding = 4; lastKnownFileType = sourcecode.c.h; path = QCTileImageProvider.h; sourceTree = "<group>"; };
		715B93F618F3DCF000F5BB7E /* QCTileImageProvider.m */ = {isa = PBXFileReference; fileEncoding = 4; lastKnownFileType = sourcecode.c.objc; path = QCTileImageProvider.m; sourceTree = "<group>"; };
		71695F7919249B6F009FCCBC /* QCSlimeModel.h */ = {isa = PBXFileReference; fileEncoding = 4; lastKnownFileType = sourcecode.c.h; path = QCSlimeModel.h; sourceTree = "<group>"; };
		71695F7A19249B6F009FCCBC /* QCSlimeModel.m */ = {isa = PBXFileReference; fileEncoding = 4; lastKnownFileType = sourcecode.c.objc; path = QCSlimeModel.m; sourceTree = "<group>"; };
		71695F7C1924A700009FCCBC /* QCCoordinates.h */ = {isa = PBXFileReference; fileEncoding = 4; lastKnownFileType = sourcecode.c.h; path = QCCoordinates.h; sourceTree = "<group>"; };
		71695F7D1924A700009FCCBC /* QCCoordinates.m */ = {isa = PBXFileReference; fileEncoding = 4; lastKnownFileType = sourcecode.c.objc; path = QCCoordinates.m; sourceTree = "<group>"; };
		7189624A1924C447007C9D6C /* QCSlimeView.h */ = {isa = PBXFileReference; fileEncoding = 4; lastKnownFileType = sourcecode.c.h; path = QCSlimeView.h; sourceTree = "<group>"; };
		7189624B1924C447007C9D6C /* QCSlimeView.m */ = {isa = PBXFileReference; fileEncoding = 4; lastKnownFileType = sourcecode.c.objc; path = QCSlimeView.m; sourceTree = "<group>"; };
		7189624D1924DCB2007C9D6C /* QCSlimeTile.h */ = {isa = PBXFileReference; fileEncoding = 4; lastKnownFileType = sourcecode.c.h; path = QCSlimeTile.h; sourceTree = "<group>"; };
		7189624E1924DCB2007C9D6C /* QCSlimeTile.m */ = {isa = PBXFileReference; fileEncoding = 4; lastKnownFileType = sourcecode.c.objc; path = QCSlimeTile.m; sourceTree = "<group>"; };
		718962561925FDA5007C9D6C /* QCVLevelChooserVC.h */ = {isa = PBXFileReference; fileEncoding = 4; lastKnownFileType = sourcecode.c.h; path = QCVLevelChooserVC.h; sourceTree = "<group>"; };
		718962571925FDA5007C9D6C /* QCVLevelChooserVC.m */ = {isa = PBXFileReference; fileEncoding = 4; lastKnownFileType = sourcecode.c.objc; path = QCVLevelChooserVC.m; sourceTree = "<group>"; };
		718962591926325B007C9D6C /* Level 2 Slime.plist */ = {isa = PBXFileReference; fileEncoding = 4; lastKnownFileType = text.plist.xml; path = "Level 2 Slime.plist"; sourceTree = "<group>"; };
		7189625B192632EB007C9D6C /* Level 1 Score.plist */ = {isa = PBXFileReference; fileEncoding = 4; lastKnownFileType = text.plist.xml; path = "Level 1 Score.plist"; sourceTree = "<group>"; };
		719950E218F2C7CD0041DC21 /* QCQuestionProvider.h */ = {isa = PBXFileReference; fileEncoding = 4; lastKnownFileType = sourcecode.c.h; path = QCQuestionProvider.h; sourceTree = "<group>"; };
		719950E318F2C7CD0041DC21 /* QCQuestionProvider.m */ = {isa = PBXFileReference; fileEncoding = 4; lastKnownFileType = sourcecode.c.objc; path = QCQuestionProvider.m; sourceTree = "<group>"; };
		719950E718F2CAD90041DC21 /* svenskaQuestions.json */ = {isa = PBXFileReference; fileEncoding = 4; lastKnownFileType = text.json; path = svenskaQuestions.json; sourceTree = "<group>"; };
		71A3CED3191BA361008342D9 /* QCTileHolderView.h */ = {isa = PBXFileReference; fileEncoding = 4; lastKnownFileType = sourcecode.c.h; path = QCTileHolderView.h; sourceTree = "<group>"; };
		71A3CED4191BA361008342D9 /* QCTileHolderView.m */ = {isa = PBXFileReference; fileEncoding = 4; lastKnownFileType = sourcecode.c.objc; path = QCTileHolderView.m; sourceTree = "<group>"; };
		71CE961918F810EA003E8D3F /* QCSelectCategoryPopup.h */ = {isa = PBXFileReference; fileEncoding = 4; lastKnownFileType = sourcecode.c.h; path = QCSelectCategoryPopup.h; sourceTree = "<group>"; };
		71CE961A18F810EA003E8D3F /* QCSelectCategoryPopup.m */ = {isa = PBXFileReference; fileEncoding = 4; lastKnownFileType = sourcecode.c.objc; path = QCSelectCategoryPopup.m; sourceTree = "<group>"; };
		71DD0AF618D859AF00E9247A /* QCModelTestCase.m */ = {isa = PBXFileReference; fileEncoding = 4; lastKnownFileType = sourcecode.c.objc; path = QCModelTestCase.m; sourceTree = "<group>"; };
		71E0C4E518D6E39800B5FFC7 /* QuizCrush.app */ = {isa = PBXFileReference; explicitFileType = wrapper.application; includeInIndex = 0; path = QuizCrush.app; sourceTree = BUILT_PRODUCTS_DIR; };
		71E0C4E818D6E39800B5FFC7 /* Foundation.framework */ = {isa = PBXFileReference; lastKnownFileType = wrapper.framework; name = Foundation.framework; path = System/Library/Frameworks/Foundation.framework; sourceTree = SDKROOT; };
		71E0C4EA18D6E39800B5FFC7 /* CoreGraphics.framework */ = {isa = PBXFileReference; lastKnownFileType = wrapper.framework; name = CoreGraphics.framework; path = System/Library/Frameworks/CoreGraphics.framework; sourceTree = SDKROOT; };
		71E0C4EC18D6E39800B5FFC7 /* UIKit.framework */ = {isa = PBXFileReference; lastKnownFileType = wrapper.framework; name = UIKit.framework; path = System/Library/Frameworks/UIKit.framework; sourceTree = SDKROOT; };
		71E0C4F018D6E39800B5FFC7 /* QuizCrush-Info.plist */ = {isa = PBXFileReference; lastKnownFileType = text.plist.xml; path = "QuizCrush-Info.plist"; sourceTree = "<group>"; };
		71E0C4F218D6E39800B5FFC7 /* en */ = {isa = PBXFileReference; lastKnownFileType = text.plist.strings; name = en; path = en.lproj/InfoPlist.strings; sourceTree = "<group>"; };
		71E0C4F418D6E39800B5FFC7 /* main.m */ = {isa = PBXFileReference; lastKnownFileType = sourcecode.c.objc; path = main.m; sourceTree = "<group>"; };
		71E0C4F618D6E39800B5FFC7 /* QuizCrush-Prefix.pch */ = {isa = PBXFileReference; lastKnownFileType = sourcecode.c.h; path = "QuizCrush-Prefix.pch"; sourceTree = "<group>"; };
		71E0C4F718D6E39800B5FFC7 /* QCAppDelegate.h */ = {isa = PBXFileReference; lastKnownFileType = sourcecode.c.h; path = QCAppDelegate.h; sourceTree = "<group>"; };
		71E0C4F818D6E39800B5FFC7 /* QCAppDelegate.m */ = {isa = PBXFileReference; lastKnownFileType = sourcecode.c.objc; path = QCAppDelegate.m; sourceTree = "<group>"; };
		71E0C4FB18D6E39800B5FFC7 /* Base */ = {isa = PBXFileReference; lastKnownFileType = file.storyboard; name = Base; path = Base.lproj/Main.storyboard; sourceTree = "<group>"; };
		71E0C50018D6E39800B5FFC7 /* Images.xcassets */ = {isa = PBXFileReference; lastKnownFileType = folder.assetcatalog; path = Images.xcassets; sourceTree = "<group>"; };
		71E0C50618D6E39900B5FFC7 /* QuizCrushTests.xctest */ = {isa = PBXFileReference; explicitFileType = wrapper.cfbundle; includeInIndex = 0; path = QuizCrushTests.xctest; sourceTree = BUILT_PRODUCTS_DIR; };
		71E0C50718D6E39900B5FFC7 /* XCTest.framework */ = {isa = PBXFileReference; lastKnownFileType = wrapper.framework; name = XCTest.framework; path = Library/Frameworks/XCTest.framework; sourceTree = DEVELOPER_DIR; };
		71E0C50F18D6E39900B5FFC7 /* QuizCrushTests-Info.plist */ = {isa = PBXFileReference; lastKnownFileType = text.plist.xml; path = "QuizCrushTests-Info.plist"; sourceTree = "<group>"; };
		71E0C51118D6E39900B5FFC7 /* en */ = {isa = PBXFileReference; lastKnownFileType = text.plist.strings; name = en; path = en.lproj/InfoPlist.strings; sourceTree = "<group>"; };
		71E0C51318D6E39900B5FFC7 /* QuizCrushTests.m */ = {isa = PBXFileReference; lastKnownFileType = sourcecode.c.objc; path = QuizCrushTests.m; sourceTree = "<group>"; };
		71E0C51D18D6E44300B5FFC7 /* QCLevelViewController.h */ = {isa = PBXFileReference; fileEncoding = 4; lastKnownFileType = sourcecode.c.h; path = QCLevelViewController.h; sourceTree = "<group>"; };
		71E0C51E18D6E44300B5FFC7 /* QCLevelViewController.m */ = {isa = PBXFileReference; fileEncoding = 4; lastKnownFileType = sourcecode.c.objc; path = QCLevelViewController.m; sourceTree = "<group>"; };
		71E0C52018D6E80400B5FFC7 /* QCTile.h */ = {isa = PBXFileReference; fileEncoding = 4; lastKnownFileType = sourcecode.c.h; path = QCTile.h; sourceTree = "<group>"; };
		71E0C52118D6E80400B5FFC7 /* QCTile.m */ = {isa = PBXFileReference; fileEncoding = 4; lastKnownFileType = sourcecode.c.objc; path = QCTile.m; sourceTree = "<group>"; };
		71E0C52318D6ED0200B5FFC7 /* QCPlayingFieldModel.h */ = {isa = PBXFileReference; fileEncoding = 4; lastKnownFileType = sourcecode.c.h; path = QCPlayingFieldModel.h; sourceTree = "<group>"; };
		71E0C52418D6ED0200B5FFC7 /* QCPlayingFieldModel.m */ = {isa = PBXFileReference; fileEncoding = 4; lastKnownFileType = sourcecode.c.objc; path = QCPlayingFieldModel.m; sourceTree = "<group>"; };
		71E0C52618D6F3C900B5FFC7 /* UISettings.plist */ = {isa = PBXFileReference; fileEncoding = 4; lastKnownFileType = text.plist.xml; path = UISettings.plist; sourceTree = "<group>"; };
		71F644EB18ED8EB2007090B4 /* QCQuestion.h */ = {isa = PBXFileReference; fileEncoding = 4; lastKnownFileType = sourcecode.c.h; path = QCQuestion.h; sourceTree = "<group>"; };
		71F644EC18ED8EB2007090B4 /* QCQuestion.m */ = {isa = PBXFileReference; fileEncoding = 4; lastKnownFileType = sourcecode.c.objc; path = QCQuestion.m; sourceTree = "<group>"; };
/* End PBXFileReference section */

/* Begin PBXFrameworksBuildPhase section */
		71E0C4E218D6E39800B5FFC7 /* Frameworks */ = {
			isa = PBXFrameworksBuildPhase;
			buildActionMask = 2147483647;
			files = (
				71E0C4EB18D6E39800B5FFC7 /* CoreGraphics.framework in Frameworks */,
				71E0C4ED18D6E39800B5FFC7 /* UIKit.framework in Frameworks */,
				71E0C4E918D6E39800B5FFC7 /* Foundation.framework in Frameworks */,
			);
			runOnlyForDeploymentPostprocessing = 0;
		};
		71E0C50318D6E39900B5FFC7 /* Frameworks */ = {
			isa = PBXFrameworksBuildPhase;
			buildActionMask = 2147483647;
			files = (
				71E0C50818D6E39900B5FFC7 /* XCTest.framework in Frameworks */,
				71E0C50A18D6E39900B5FFC7 /* UIKit.framework in Frameworks */,
				71E0C50918D6E39900B5FFC7 /* Foundation.framework in Frameworks */,
			);
			runOnlyForDeploymentPostprocessing = 0;
		};
/* End PBXFrameworksBuildPhase section */

/* Begin PBXGroup section */
		71E0C4DC18D6E39800B5FFC7 = {
			isa = PBXGroup;
			children = (
				71E0C4EE18D6E39800B5FFC7 /* QuizCrush */,
				71E0C50D18D6E39900B5FFC7 /* QuizCrushTests */,
				71E0C4E718D6E39800B5FFC7 /* Frameworks */,
				71E0C4E618D6E39800B5FFC7 /* Products */,
			);
			sourceTree = "<group>";
		};
		71E0C4E618D6E39800B5FFC7 /* Products */ = {
			isa = PBXGroup;
			children = (
				71E0C4E518D6E39800B5FFC7 /* QuizCrush.app */,
				71E0C50618D6E39900B5FFC7 /* QuizCrushTests.xctest */,
			);
			name = Products;
			sourceTree = "<group>";
		};
		71E0C4E718D6E39800B5FFC7 /* Frameworks */ = {
			isa = PBXGroup;
			children = (
				71E0C4E818D6E39800B5FFC7 /* Foundation.framework */,
				71E0C4EA18D6E39800B5FFC7 /* CoreGraphics.framework */,
				71E0C4EC18D6E39800B5FFC7 /* UIKit.framework */,
				71E0C50718D6E39900B5FFC7 /* XCTest.framework */,
			);
			name = Frameworks;
			sourceTree = "<group>";
		};
		71E0C4EE18D6E39800B5FFC7 /* QuizCrush */ = {
			isa = PBXGroup;
			children = (
				71E0C52618D6F3C900B5FFC7 /* UISettings.plist */,
				71589BB01929F57C00DA1C8E /* Levels.plist */,
				718962591926325B007C9D6C /* Level 2 Slime.plist */,
				7189625B192632EB007C9D6C /* Level 1 Score.plist */,
				71589BB5192A243B00DA1C8E /* Level 3 Score.plist */,
				71E0C4FA18D6E39800B5FFC7 /* Main.storyboard */,
				71589BB21929FF2D00DA1C8E /* QCLevelTVC.h */,
				71589BB31929FF2D00DA1C8E /* QCLevelTVC.m */,
				718962561925FDA5007C9D6C /* QCVLevelChooserVC.h */,
				718962571925FDA5007C9D6C /* QCVLevelChooserVC.m */,
				71695F7919249B6F009FCCBC /* QCSlimeModel.h */,
				71695F7A19249B6F009FCCBC /* QCSlimeModel.m */,
				7189624A1924C447007C9D6C /* QCSlimeView.h */,
				7189624B1924C447007C9D6C /* QCSlimeView.m */,
				7189624D1924DCB2007C9D6C /* QCSlimeTile.h */,
				7189624E1924DCB2007C9D6C /* QCSlimeTile.m */,
				71CE961918F810EA003E8D3F /* QCSelectCategoryPopup.h */,
				71CE961A18F810EA003E8D3F /* QCSelectCategoryPopup.m */,
				715B93F518F3DCF000F5BB7E /* QCTileImageProvider.h */,
				715B93F618F3DCF000F5BB7E /* QCTileImageProvider.m */,
				719950E718F2CAD90041DC21 /* svenskaQuestions.json */,
				71386C3D18F2904100414357 /* QCPopupView.h */,
				71386C3E18F2904100414357 /* QCPopupView.m */,
				71E0C4F718D6E39800B5FFC7 /* QCAppDelegate.h */,
				71E0C4F818D6E39800B5FFC7 /* QCAppDelegate.m */,
				71E0C51D18D6E44300B5FFC7 /* QCLevelViewController.h */,
				71E0C51E18D6E44300B5FFC7 /* QCLevelViewController.m */,
				71E0C52018D6E80400B5FFC7 /* QCTile.h */,
				71E0C52118D6E80400B5FFC7 /* QCTile.m */,
				71E0C52318D6ED0200B5FFC7 /* QCPlayingFieldModel.h */,
				71E0C52418D6ED0200B5FFC7 /* QCPlayingFieldModel.m */,
				7147829618E2DF7E00A1A08A /* QCSuctionMove.h */,
				7147829718E2DF7E00A1A08A /* QCSuctionMove.m */,
				71107AAC18DC5B83000AEF57 /* QCMoveDescription.h */,
				71107AAD18DC5B83000AEF57 /* QCMoveDescription.m */,
				71F644EB18ED8EB2007090B4 /* QCQuestion.h */,
				71F644EC18ED8EB2007090B4 /* QCQuestion.m */,
				719950E218F2C7CD0041DC21 /* QCQuestionProvider.h */,
				719950E318F2C7CD0041DC21 /* QCQuestionProvider.m */,
				71A3CED3191BA361008342D9 /* QCTileHolderView.h */,
				71A3CED4191BA361008342D9 /* QCTileHolderView.m */,
				71695F7C1924A700009FCCBC /* QCCoordinates.h */,
				71695F7D1924A700009FCCBC /* QCCoordinates.m */,
				71E0C50018D6E39800B5FFC7 /* Images.xcassets */,
				71E0C4EF18D6E39800B5FFC7 /* Supporting Files */,
			);
			path = QuizCrush;
			sourceTree = "<group>";
		};
		71E0C4EF18D6E39800B5FFC7 /* Supporting Files */ = {
			isa = PBXGroup;
			children = (
				71E0C4F018D6E39800B5FFC7 /* QuizCrush-Info.plist */,
				71E0C4F118D6E39800B5FFC7 /* InfoPlist.strings */,
				71E0C4F418D6E39800B5FFC7 /* main.m */,
				71E0C4F618D6E39800B5FFC7 /* QuizCrush-Prefix.pch */,
			);
			name = "Supporting Files";
			sourceTree = "<group>";
		};
		71E0C50D18D6E39900B5FFC7 /* QuizCrushTests */ = {
			isa = PBXGroup;
			children = (
				71E0C51318D6E39900B5FFC7 /* QuizCrushTests.m */,
				71E0C50E18D6E39900B5FFC7 /* Supporting Files */,
				71DD0AF618D859AF00E9247A /* QCModelTestCase.m */,
			);
			path = QuizCrushTests;
			sourceTree = "<group>";
		};
		71E0C50E18D6E39900B5FFC7 /* Supporting Files */ = {
			isa = PBXGroup;
			children = (
				71E0C50F18D6E39900B5FFC7 /* QuizCrushTests-Info.plist */,
				71E0C51018D6E39900B5FFC7 /* InfoPlist.strings */,
			);
			name = "Supporting Files";
			sourceTree = "<group>";
		};
/* End PBXGroup section */

/* Begin PBXNativeTarget section */
		71E0C4E418D6E39800B5FFC7 /* QuizCrush */ = {
			isa = PBXNativeTarget;
			buildConfigurationList = 71E0C51718D6E39900B5FFC7 /* Build configuration list for PBXNativeTarget "QuizCrush" */;
			buildPhases = (
				71E0C4E118D6E39800B5FFC7 /* Sources */,
				71E0C4E218D6E39800B5FFC7 /* Frameworks */,
				71E0C4E318D6E39800B5FFC7 /* Resources */,
			);
			buildRules = (
			);
			dependencies = (
			);
			name = QuizCrush;
			productName = QuizCrush;
			productReference = 71E0C4E518D6E39800B5FFC7 /* QuizCrush.app */;
			productType = "com.apple.product-type.application";
		};
		71E0C50518D6E39900B5FFC7 /* QuizCrushTests */ = {
			isa = PBXNativeTarget;
			buildConfigurationList = 71E0C51A18D6E39900B5FFC7 /* Build configuration list for PBXNativeTarget "QuizCrushTests" */;
			buildPhases = (
				71E0C50218D6E39900B5FFC7 /* Sources */,
				71E0C50318D6E39900B5FFC7 /* Frameworks */,
				71E0C50418D6E39900B5FFC7 /* Resources */,
			);
			buildRules = (
			);
			dependencies = (
				71E0C50C18D6E39900B5FFC7 /* PBXTargetDependency */,
			);
			name = QuizCrushTests;
			productName = QuizCrushTests;
			productReference = 71E0C50618D6E39900B5FFC7 /* QuizCrushTests.xctest */;
			productType = "com.apple.product-type.bundle.unit-test";
		};
/* End PBXNativeTarget section */

/* Begin PBXProject section */
		71E0C4DD18D6E39800B5FFC7 /* Project object */ = {
			isa = PBXProject;
			attributes = {
				CLASSPREFIX = QC;
				LastUpgradeCheck = 0510;
				ORGANIZATIONNAME = Planeto;
				TargetAttributes = {
					71E0C4E418D6E39800B5FFC7 = {
						DevelopmentTeam = WBKCVWUHZ5;
					};
					71E0C50518D6E39900B5FFC7 = {
						TestTargetID = 71E0C4E418D6E39800B5FFC7;
					};
				};
			};
			buildConfigurationList = 71E0C4E018D6E39800B5FFC7 /* Build configuration list for PBXProject "QuizCrush" */;
			compatibilityVersion = "Xcode 3.2";
			developmentRegion = English;
			hasScannedForEncodings = 0;
			knownRegions = (
				en,
				Base,
			);
			mainGroup = 71E0C4DC18D6E39800B5FFC7;
			productRefGroup = 71E0C4E618D6E39800B5FFC7 /* Products */;
			projectDirPath = "";
			projectRoot = "";
			targets = (
				71E0C4E418D6E39800B5FFC7 /* QuizCrush */,
				71E0C50518D6E39900B5FFC7 /* QuizCrushTests */,
			);
		};
/* End PBXProject section */

/* Begin PBXResourcesBuildPhase section */
		71E0C4E318D6E39800B5FFC7 /* Resources */ = {
			isa = PBXResourcesBuildPhase;
			buildActionMask = 2147483647;
			files = (
				7189625C192632EB007C9D6C /* Level 1 Score.plist in Resources */,
				71589BB11929F57C00DA1C8E /* Levels.plist in Resources */,
				71E0C50118D6E39800B5FFC7 /* Images.xcassets in Resources */,
				71589BB6192A243B00DA1C8E /* Level 3 Score.plist in Resources */,
				719950E818F2CAD90041DC21 /* svenskaQuestions.json in Resources */,
				7189625A1926325B007C9D6C /* Level 2 Slime.plist in Resources */,
				71E0C52718D6F3C900B5FFC7 /* UISettings.plist in Resources */,
				71E0C4F318D6E39800B5FFC7 /* InfoPlist.strings in Resources */,
				71E0C4FC18D6E39800B5FFC7 /* Main.storyboard in Resources */,
			);
			runOnlyForDeploymentPostprocessing = 0;
		};
		71E0C50418D6E39900B5FFC7 /* Resources */ = {
			isa = PBXResourcesBuildPhase;
			buildActionMask = 2147483647;
			files = (
				71E0C51218D6E39900B5FFC7 /* InfoPlist.strings in Resources */,
			);
			runOnlyForDeploymentPostprocessing = 0;
		};
/* End PBXResourcesBuildPhase section */

/* Begin PBXSourcesBuildPhase section */
		71E0C4E118D6E39800B5FFC7 /* Sources */ = {
			isa = PBXSourcesBuildPhase;
			buildActionMask = 2147483647;
			files = (
				719950E418F2C7CD0041DC21 /* QCQuestionProvider.m in Sources */,
				7189624C1924C447007C9D6C /* QCSlimeView.m in Sources */,
				718962581925FDA5007C9D6C /* QCVLevelChooserVC.m in Sources */,
				7189624F1924DCB2007C9D6C /* QCSlimeTile.m in Sources */,
				7147829818E2DF7E00A1A08A /* QCSuctionMove.m in Sources */,
				71E0C51F18D6E44300B5FFC7 /* QCLevelViewController.m in Sources */,
				71107AAE18DC5B83000AEF57 /* QCMoveDescription.m in Sources */,
				71695F7B19249B6F009FCCBC /* QCSlimeModel.m in Sources */,
				71695F7E1924A700009FCCBC /* QCCoordinates.m in Sources */,
				715B93F718F3DCF000F5BB7E /* QCTileImageProvider.m in Sources */,
				71F644ED18ED8EB2007090B4 /* QCQuestion.m in Sources */,
				71E0C52218D6E80400B5FFC7 /* QCTile.m in Sources */,
				71E0C52518D6ED0200B5FFC7 /* QCPlayingFieldModel.m in Sources */,
				71CE961B18F810EA003E8D3F /* QCSelectCategoryPopup.m in Sources */,
				71A3CED5191BA362008342D9 /* QCTileHolderView.m in Sources */,
				71386C3F18F2904100414357 /* QCPopupView.m in Sources */,
				71E0C4F918D6E39800B5FFC7 /* QCAppDelegate.m in Sources */,
				71E0C4F518D6E39800B5FFC7 /* main.m in Sources */,
				71589BB41929FF2D00DA1C8E /* QCLevelTVC.m in Sources */,
			);
			runOnlyForDeploymentPostprocessing = 0;
		};
		71E0C50218D6E39900B5FFC7 /* Sources */ = {
			isa = PBXSourcesBuildPhase;
			buildActionMask = 2147483647;
			files = (
				71E0C51418D6E39900B5FFC7 /* QuizCrushTests.m in Sources */,
				71DD0AF718D859AF00E9247A /* QCModelTestCase.m in Sources */,
			);
			runOnlyForDeploymentPostprocessing = 0;
		};
/* End PBXSourcesBuildPhase section */

/* Begin PBXTargetDependency section */
		71E0C50C18D6E39900B5FFC7 /* PBXTargetDependency */ = {
			isa = PBXTargetDependency;
			target = 71E0C4E418D6E39800B5FFC7 /* QuizCrush */;
			targetProxy = 71E0C50B18D6E39900B5FFC7 /* PBXContainerItemProxy */;
		};
/* End PBXTargetDependency section */

/* Begin PBXVariantGroup section */
		71E0C4F118D6E39800B5FFC7 /* InfoPlist.strings */ = {
			isa = PBXVariantGroup;
			children = (
				71E0C4F218D6E39800B5FFC7 /* en */,
			);
			name = InfoPlist.strings;
			sourceTree = "<group>";
		};
		71E0C4FA18D6E39800B5FFC7 /* Main.storyboard */ = {
			isa = PBXVariantGroup;
			children = (
				71E0C4FB18D6E39800B5FFC7 /* Base */,
			);
			name = Main.storyboard;
			sourceTree = "<group>";
		};
		71E0C51018D6E39900B5FFC7 /* InfoPlist.strings */ = {
			isa = PBXVariantGroup;
			children = (
				71E0C51118D6E39900B5FFC7 /* en */,
			);
			name = InfoPlist.strings;
			sourceTree = "<group>";
		};
/* End PBXVariantGroup section */

/* Begin XCBuildConfiguration section */
		71E0C51518D6E39900B5FFC7 /* Debug */ = {
			isa = XCBuildConfiguration;
			buildSettings = {
				ALWAYS_SEARCH_USER_PATHS = NO;
				CLANG_CXX_LANGUAGE_STANDARD = "gnu++0x";
				CLANG_CXX_LIBRARY = "libc++";
				CLANG_ENABLE_MODULES = YES;
				CLANG_ENABLE_OBJC_ARC = YES;
				CLANG_WARN_BOOL_CONVERSION = YES;
				CLANG_WARN_CONSTANT_CONVERSION = YES;
				CLANG_WARN_DIRECT_OBJC_ISA_USAGE = YES_ERROR;
				CLANG_WARN_EMPTY_BODY = YES;
				CLANG_WARN_ENUM_CONVERSION = YES;
				CLANG_WARN_INT_CONVERSION = YES;
				CLANG_WARN_OBJC_ROOT_CLASS = YES_ERROR;
				CLANG_WARN__DUPLICATE_METHOD_MATCH = YES;
				"CODE_SIGN_IDENTITY[sdk=iphoneos*]" = "iPhone Developer";
				COPY_PHASE_STRIP = NO;
				GCC_C_LANGUAGE_STANDARD = gnu99;
				GCC_DYNAMIC_NO_PIC = NO;
				GCC_OPTIMIZATION_LEVEL = 0;
				GCC_PREPROCESSOR_DEFINITIONS = (
					"DEBUG=1",
					"$(inherited)",
				);
				GCC_SYMBOLS_PRIVATE_EXTERN = NO;
				GCC_WARN_64_TO_32_BIT_CONVERSION = YES;
				GCC_WARN_ABOUT_RETURN_TYPE = YES_ERROR;
				GCC_WARN_UNDECLARED_SELECTOR = YES;
				GCC_WARN_UNINITIALIZED_AUTOS = YES_AGGRESSIVE;
				GCC_WARN_UNUSED_FUNCTION = YES;
				GCC_WARN_UNUSED_VARIABLE = YES;
				IPHONEOS_DEPLOYMENT_TARGET = 7.1;
				ONLY_ACTIVE_ARCH = YES;
				SDKROOT = iphoneos;
			};
			name = Debug;
		};
		71E0C51618D6E39900B5FFC7 /* Release */ = {
			isa = XCBuildConfiguration;
			buildSettings = {
				ALWAYS_SEARCH_USER_PATHS = NO;
				CLANG_CXX_LANGUAGE_STANDARD = "gnu++0x";
				CLANG_CXX_LIBRARY = "libc++";
				CLANG_ENABLE_MODULES = YES;
				CLANG_ENABLE_OBJC_ARC = YES;
				CLANG_WARN_BOOL_CONVERSION = YES;
				CLANG_WARN_CONSTANT_CONVERSION = YES;
				CLANG_WARN_DIRECT_OBJC_ISA_USAGE = YES_ERROR;
				CLANG_WARN_EMPTY_BODY = YES;
				CLANG_WARN_ENUM_CONVERSION = YES;
				CLANG_WARN_INT_CONVERSION = YES;
				CLANG_WARN_OBJC_ROOT_CLASS = YES_ERROR;
				CLANG_WARN__DUPLICATE_METHOD_MATCH = YES;
				"CODE_SIGN_IDENTITY[sdk=iphoneos*]" = "iPhone Developer";
				COPY_PHASE_STRIP = YES;
				ENABLE_NS_ASSERTIONS = NO;
				GCC_C_LANGUAGE_STANDARD = gnu99;
				GCC_WARN_64_TO_32_BIT_CONVERSION = YES;
				GCC_WARN_ABOUT_RETURN_TYPE = YES_ERROR;
				GCC_WARN_UNDECLARED_SELECTOR = YES;
				GCC_WARN_UNINITIALIZED_AUTOS = YES_AGGRESSIVE;
				GCC_WARN_UNUSED_FUNCTION = YES;
				GCC_WARN_UNUSED_VARIABLE = YES;
				IPHONEOS_DEPLOYMENT_TARGET = 7.1;
				SDKROOT = iphoneos;
				VALIDATE_PRODUCT = YES;
			};
			name = Release;
		};
		71E0C51818D6E39900B5FFC7 /* Debug */ = {
			isa = XCBuildConfiguration;
			buildSettings = {
				ASSETCATALOG_COMPILER_APPICON_NAME = AppIcon;
				ASSETCATALOG_COMPILER_LAUNCHIMAGE_NAME = LaunchImage;
				CODE_SIGN_IDENTITY = "iPhone Developer";
				"CODE_SIGN_IDENTITY[sdk=iphoneos*]" = "iPhone Developer";
				GCC_PRECOMPILE_PREFIX_HEADER = YES;
				GCC_PREFIX_HEADER = "QuizCrush/QuizCrush-Prefix.pch";
				INFOPLIST_FILE = "QuizCrush/QuizCrush-Info.plist";
				PRODUCT_NAME = "$(TARGET_NAME)";
				PROVISIONING_PROFILE = "";
				WRAPPER_EXTENSION = app;
			};
			name = Debug;
		};
		71E0C51918D6E39900B5FFC7 /* Release */ = {
			isa = XCBuildConfiguration;
			buildSettings = {
				ASSETCATALOG_COMPILER_APPICON_NAME = AppIcon;
				ASSETCATALOG_COMPILER_LAUNCHIMAGE_NAME = LaunchImage;
				CODE_SIGN_IDENTITY = "iPhone Developer";
				"CODE_SIGN_IDENTITY[sdk=iphoneos*]" = "iPhone Developer";
				GCC_PRECOMPILE_PREFIX_HEADER = YES;
				GCC_PREFIX_HEADER = "QuizCrush/QuizCrush-Prefix.pch";
				INFOPLIST_FILE = "QuizCrush/QuizCrush-Info.plist";
				PRODUCT_NAME = "$(TARGET_NAME)";
				PROVISIONING_PROFILE = "";
				WRAPPER_EXTENSION = app;
			};
			name = Release;
		};
		71E0C51B18D6E39900B5FFC7 /* Debug */ = {
			isa = XCBuildConfiguration;
			buildSettings = {
				BUNDLE_LOADER = "$(BUILT_PRODUCTS_DIR)/QuizCrush.app/QuizCrush";
				FRAMEWORK_SEARCH_PATHS = (
					"$(SDKROOT)/Developer/Library/Frameworks",
					"$(inherited)",
					"$(DEVELOPER_FRAMEWORKS_DIR)",
				);
				GCC_PRECOMPILE_PREFIX_HEADER = YES;
				GCC_PREFIX_HEADER = "QuizCrush/QuizCrush-Prefix.pch";
				GCC_PREPROCESSOR_DEFINITIONS = (
					"DEBUG=1",
					"$(inherited)",
				);
				INFOPLIST_FILE = "QuizCrushTests/QuizCrushTests-Info.plist";
				PRODUCT_NAME = "$(TARGET_NAME)";
				TEST_HOST = "$(BUNDLE_LOADER)";
				WRAPPER_EXTENSION = xctest;
			};
			name = Debug;
		};
		71E0C51C18D6E39900B5FFC7 /* Release */ = {
			isa = XCBuildConfiguration;
			buildSettings = {
				BUNDLE_LOADER = "$(BUILT_PRODUCTS_DIR)/QuizCrush.app/QuizCrush";
				FRAMEWORK_SEARCH_PATHS = (
					"$(SDKROOT)/Developer/Library/Frameworks",
					"$(inherited)",
					"$(DEVELOPER_FRAMEWORKS_DIR)",
				);
				GCC_PRECOMPILE_PREFIX_HEADER = YES;
				GCC_PREFIX_HEADER = "QuizCrush/QuizCrush-Prefix.pch";
				INFOPLIST_FILE = "QuizCrushTests/QuizCrushTests-Info.plist";
				PRODUCT_NAME = "$(TARGET_NAME)";
				TEST_HOST = "$(BUNDLE_LOADER)";
				WRAPPER_EXTENSION = xctest;
			};
			name = Release;
		};
/* End XCBuildConfiguration section */

/* Begin XCConfigurationList section */
		71E0C4E018D6E39800B5FFC7 /* Build configuration list for PBXProject "QuizCrush" */ = {
			isa = XCConfigurationList;
			buildConfigurations = (
				71E0C51518D6E39900B5FFC7 /* Debug */,
				71E0C51618D6E39900B5FFC7 /* Release */,
			);
			defaultConfigurationIsVisible = 0;
			defaultConfigurationName = Release;
		};
		71E0C51718D6E39900B5FFC7 /* Build configuration list for PBXNativeTarget "QuizCrush" */ = {
			isa = XCConfigurationList;
			buildConfigurations = (
				71E0C51818D6E39900B5FFC7 /* Debug */,
				71E0C51918D6E39900B5FFC7 /* Release */,
			);
			defaultConfigurationIsVisible = 0;
			defaultConfigurationName = Release;
		};
		71E0C51A18D6E39900B5FFC7 /* Build configuration list for PBXNativeTarget "QuizCrushTests" */ = {
			isa = XCConfigurationList;
			buildConfigurations = (
				71E0C51B18D6E39900B5FFC7 /* Debug */,
				71E0C51C18D6E39900B5FFC7 /* Release */,
			);
			defaultConfigurationIsVisible = 0;
			defaultConfigurationName = Release;
		};
/* End XCConfigurationList section */
	};
	rootObject = 71E0C4DD18D6E39800B5FFC7 /* Project object */;
}
